{
  "name": "@yjc/model-pattern",
  "version": "0.5.1",
  "lockfileVersion": 1,
  "requires": true,
  "dependencies": {
    "@types/mysql": {
      "version": "2.15.2",
      "resolved": "https://registry.npmjs.org/@types/mysql/-/mysql-2.15.2.tgz",
      "integrity": "sha512-5U5pYZd+UMGfDJfmNLYJ6+PBEfjZbHqd0kzDDItFPB2COPmFmlmMsV6t6om/loorx1XMWY3rYTQn7wLipmt4JA==",
      "dev": true,
      "requires": {
        "@types/node": "9.4.6"
      }
    },
    "@types/node": {
      "version": "9.4.6",
      "resolved": "https://registry.npmjs.org/@types/node/-/node-9.4.6.tgz",
      "integrity": "sha512-CTUtLb6WqCCgp6P59QintjHWqzf4VL1uPA27bipLAPxFqrtK1gEYllePzTICGqQ8rYsCbpnsNypXjjDzGAAjEQ==",
      "dev": true
    }
  }
}
